// !$*UTF8*$!
{
	archiveVersion = 1;
	classes = {
	};
	objectVersion = 50;
	objects = {

/* Begin PBXBuildFile section */
		DC4FD55E2208D11C00D2757D /* AppDelegate.swift in Sources */ = {isa = PBXBuildFile; fileRef = DC4FD55D2208D11C00D2757D /* AppDelegate.swift */; };
		DC4FD5602208D11C00D2757D /* ViewController.swift in Sources */ = {isa = PBXBuildFile; fileRef = DC4FD55F2208D11C00D2757D /* ViewController.swift */; };
		DC4FD5632208D11C00D2757D /* Main.storyboard in Resources */ = {isa = PBXBuildFile; fileRef = DC4FD5612208D11C00D2757D /* Main.storyboard */; };
		DC4FD5652208D11F00D2757D /* Assets.xcassets in Resources */ = {isa = PBXBuildFile; fileRef = DC4FD5642208D11F00D2757D /* Assets.xcassets */; };
		DC4FD5682208D11F00D2757D /* LaunchScreen.storyboard in Resources */ = {isa = PBXBuildFile; fileRef = DC4FD5662208D11F00D2757D /* LaunchScreen.storyboard */; };
		DC4FD5722208D70100D2757D /* BottomSheetViewController.swift in Sources */ = {isa = PBXBuildFile; fileRef = DC4FD5702208D70100D2757D /* BottomSheetViewController.swift */; };
		DC4FD5732208D70100D2757D /* BottomSheetViewController.xib in Resources */ = {isa = PBXBuildFile; fileRef = DC4FD5712208D70100D2757D /* BottomSheetViewController.xib */; };
		DC4FD5752208DB0800D2757D /* BottomSheetAnimator.swift in Sources */ = {isa = PBXBuildFile; fileRef = DC4FD5742208DB0800D2757D /* BottomSheetAnimator.swift */; };
		DC4FD5772208DE3300D2757D /* BottomSheetPresentationController.swift in Sources */ = {isa = PBXBuildFile; fileRef = DC4FD5762208DE3300D2757D /* BottomSheetPresentationController.swift */; };
		DC4FD57A2208E0DC00D2757D /* DopeViewController.swift in Sources */ = {isa = PBXBuildFile; fileRef = DC4FD5782208E0DC00D2757D /* DopeViewController.swift */; };
		DC4FD57B2208E0DC00D2757D /* DopeViewController.xib in Resources */ = {isa = PBXBuildFile; fileRef = DC4FD5792208E0DC00D2757D /* DopeViewController.xib */; };
		DC4FD57D2208E1BD00D2757D /* BottomSheetTransitionDelegate.swift in Sources */ = {isa = PBXBuildFile; fileRef = DC4FD57C2208E1BD00D2757D /* BottomSheetTransitionDelegate.swift */; };
/* End PBXBuildFile section */

/* Begin PBXFileReference section */
		DC4FD55A2208D11C00D2757D /* BottomSheet.app */ = {isa = PBXFileReference; explicitFileType = wrapper.application; includeInIndex = 0; path = BottomSheet.app; sourceTree = BUILT_PRODUCTS_DIR; };
		DC4FD55D2208D11C00D2757D /* AppDelegate.swift */ = {isa = PBXFileReference; lastKnownFileType = sourcecode.swift; path = AppDelegate.swift; sourceTree = "<group>"; };
		DC4FD55F2208D11C00D2757D /* ViewController.swift */ = {isa = PBXFileReference; lastKnownFileType = sourcecode.swift; path = ViewController.swift; sourceTree = "<group>"; };
		DC4FD5622208D11C00D2757D /* Base */ = {isa = PBXFileReference; lastKnownFileType = file.storyboard; name = Base; path = Base.lproj/Main.storyboard; sourceTree = "<group>"; };
		DC4FD5642208D11F00D2757D /* Assets.xcassets */ = {isa = PBXFileReference; lastKnownFileType = folder.assetcatalog; path = Assets.xcassets; sourceTree = "<group>"; };
		DC4FD5672208D11F00D2757D /* Base */ = {isa = PBXFileReference; lastKnownFileType = file.storyboard; name = Base; path = Base.lproj/LaunchScreen.storyboard; sourceTree = "<group>"; };
		DC4FD5692208D11F00D2757D /* Info.plist */ = {isa = PBXFileReference; lastKnownFileType = text.plist.xml; path = Info.plist; sourceTree = "<group>"; };
		DC4FD5702208D70100D2757D /* BottomSheetViewController.swift */ = {isa = PBXFileReference; lastKnownFileType = sourcecode.swift; path = BottomSheetViewController.swift; sourceTree = "<group>"; };
		DC4FD5712208D70100D2757D /* BottomSheetViewController.xib */ = {isa = PBXFileReference; lastKnownFileType = file.xib; path = BottomSheetViewController.xib; sourceTree = "<group>"; };
		DC4FD5742208DB0800D2757D /* BottomSheetAnimator.swift */ = {isa = PBXFileReference; lastKnownFileType = sourcecode.swift; path = BottomSheetAnimator.swift; sourceTree = "<group>"; };
		DC4FD5762208DE3300D2757D /* BottomSheetPresentationController.swift */ = {isa = PBXFileReference; lastKnownFileType = sourcecode.swift; path = BottomSheetPresentationController.swift; sourceTree = "<group>"; };
		DC4FD5782208E0DC00D2757D /* DopeViewController.swift */ = {isa = PBXFileReference; lastKnownFileType = sourcecode.swift; path = DopeViewController.swift; sourceTree = "<group>"; };
		DC4FD5792208E0DC00D2757D /* DopeViewController.xib */ = {isa = PBXFileReference; lastKnownFileType = file.xib; path = DopeViewController.xib; sourceTree = "<group>"; };
		DC4FD57C2208E1BD00D2757D /* BottomSheetTransitionDelegate.swift */ = {isa = PBXFileReference; lastKnownFileType = sourcecode.swift; path = BottomSheetTransitionDelegate.swift; sourceTree = "<group>"; };
/* End PBXFileReference section */

/* Begin PBXFrameworksBuildPhase section */
		DC4FD5572208D11C00D2757D /* Frameworks */ = {
			isa = PBXFrameworksBuildPhase;
			buildActionMask = 2147483647;
			files = (
			);
			runOnlyForDeploymentPostprocessing = 0;
		};
/* End PBXFrameworksBuildPhase section */

/* Begin PBXGroup section */
		DC4FD5512208D11C00D2757D = {
			isa = PBXGroup;
			children = (
				DC4FD55C2208D11C00D2757D /* BottomSheet */,
				DC4FD55B2208D11C00D2757D /* Products */,
			);
			sourceTree = "<group>";
		};
		DC4FD55B2208D11C00D2757D /* Products */ = {
			isa = PBXGroup;
			children = (
				DC4FD55A2208D11C00D2757D /* BottomSheet.app */,
			);
			name = Products;
			sourceTree = "<group>";
		};
		DC4FD55C2208D11C00D2757D /* BottomSheet */ = {
			isa = PBXGroup;
			children = (
				DC4FD56F2208D6DC00D2757D /* BottomSheetModule */,
				DC4FD55D2208D11C00D2757D /* AppDelegate.swift */,
				DC4FD55F2208D11C00D2757D /* ViewController.swift */,
				DC4FD5612208D11C00D2757D /* Main.storyboard */,
				DC4FD5642208D11F00D2757D /* Assets.xcassets */,
				DC4FD5662208D11F00D2757D /* LaunchScreen.storyboard */,
				DC4FD5692208D11F00D2757D /* Info.plist */,
				DC4FD5782208E0DC00D2757D /* DopeViewController.swift */,
				DC4FD5792208E0DC00D2757D /* DopeViewController.xib */,
			);
			path = BottomSheet;
			sourceTree = "<group>";
		};
		DC4FD56F2208D6DC00D2757D /* BottomSheetModule */ = {
			isa = PBXGroup;
			children = (
				DC4FD5702208D70100D2757D /* BottomSheetViewController.swift */,
				DC4FD5712208D70100D2757D /* BottomSheetViewController.xib */,
				DC4FD5742208DB0800D2757D /* BottomSheetAnimator.swift */,
				DC4FD5762208DE3300D2757D /* BottomSheetPresentationController.swift */,
				DC4FD57C2208E1BD00D2757D /* BottomSheetTransitionDelegate.swift */,
			);
			path = BottomSheetModule;
			sourceTree = "<group>";
		};
/* End PBXGroup section */

/* Begin PBXNativeTarget section */
		DC4FD5592208D11C00D2757D /* BottomSheet */ = {
			isa = PBXNativeTarget;
			buildConfigurationList = DC4FD56C2208D11F00D2757D /* Build configuration list for PBXNativeTarget "BottomSheet" */;
			buildPhases = (
				DC4FD5562208D11C00D2757D /* Sources */,
				DC4FD5572208D11C00D2757D /* Frameworks */,
				DC4FD5582208D11C00D2757D /* Resources */,
			);
			buildRules = (
			);
			dependencies = (
			);
			name = BottomSheet;
			productName = BottomSheet;
			productReference = DC4FD55A2208D11C00D2757D /* BottomSheet.app */;
			productType = "com.apple.product-type.application";
		};
/* End PBXNativeTarget section */

/* Begin PBXProject section */
		DC4FD5522208D11C00D2757D /* Project object */ = {
			isa = PBXProject;
			attributes = {
				LastSwiftUpdateCheck = 1010;
				LastUpgradeCheck = 1010;
				ORGANIZATIONNAME = "Stephen Wu";
				TargetAttributes = {
					DC4FD5592208D11C00D2757D = {
						CreatedOnToolsVersion = 10.1;
					};
				};
			};
			buildConfigurationList = DC4FD5552208D11C00D2757D /* Build configuration list for PBXProject "BottomSheet" */;
			compatibilityVersion = "Xcode 9.3";
			developmentRegion = en;
			hasScannedForEncodings = 0;
			knownRegions = (
				en,
				Base,
			);
			mainGroup = DC4FD5512208D11C00D2757D;
			productRefGroup = DC4FD55B2208D11C00D2757D /* Products */;
			projectDirPath = "";
			projectRoot = "";
			targets = (
				DC4FD5592208D11C00D2757D /* BottomSheet */,
			);
		};
/* End PBXProject section */

/* Begin PBXResourcesBuildPhase section */
		DC4FD5582208D11C00D2757D /* Resources */ = {
			isa = PBXResourcesBuildPhase;
			buildActionMask = 2147483647;
			files = (
				DC4FD5682208D11F00D2757D /* LaunchScreen.storyboard in Resources */,
				DC4FD57B2208E0DC00D2757D /* DopeViewController.xib in Resources */,
				DC4FD5652208D11F00D2757D /* Assets.xcassets in Resources */,
				DC4FD5632208D11C00D2757D /* Main.storyboard in Resources */,
				DC4FD5732208D70100D2757D /* BottomSheetViewController.xib in Resources */,
			);
			runOnlyForDeploymentPostprocessing = 0;
		};
/* End PBXResourcesBuildPhase section */

/* Begin PBXSourcesBuildPhase section */
		DC4FD5562208D11C00D2757D /* Sources */ = {
			isa = PBXSourcesBuildPhase;
			buildActionMask = 2147483647;
			files = (
				DC4FD5602208D11C00D2757D /* ViewController.swift in Sources */,
				DC4FD5722208D70100D2757D /* BottomSheetViewController.swift in Sources */,
				DC4FD57D2208E1BD00D2757D /* BottomSheetTransitionDelegate.swift in Sources */,
				DC4FD55E2208D11C00D2757D /* AppDelegate.swift in Sources */,
				DC4FD5752208DB0800D2757D /* BottomSheetAnimator.swift in Sources */,
				DC4FD57A2208E0DC00D2757D /* DopeViewController.swift in Sources */,
				DC4FD5772208DE3300D2757D /* BottomSheetPresentationController.swift in Sources */,
			);
			runOnlyForDeploymentPostprocessing = 0;
		};
/* End PBXSourcesBuildPhase section */

/* Begin PBXVariantGroup section */
		DC4FD5612208D11C00D2757D /* Main.storyboard */ = {
			isa = PBXVariantGroup;
			children = (
				DC4FD5622208D11C00D2757D /* Base */,
			);
			name = Main.storyboard;
			sourceTree = "<group>";
		};
		DC4FD5662208D11F00D2757D /* LaunchScreen.storyboard */ = {
			isa = PBXVariantGroup;
			children = (
				DC4FD5672208D11F00D2757D /* Base */,
			);
			name = LaunchScreen.storyboard;
			sourceTree = "<group>";
		};
/* End PBXVariantGroup section */

/* Begin XCBuildConfiguration section */
		DC4FD56A2208D11F00D2757D /* Debug */ = {
			isa = XCBuildConfiguration;
			buildSettings = {
				ALWAYS_SEARCH_USER_PATHS = NO;
				CLANG_ANALYZER_NONNULL = YES;
				CLANG_ANALYZER_NUMBER_OBJECT_CONVERSION = YES_AGGRESSIVE;
				CLANG_CXX_LANGUAGE_STANDARD = "gnu++14";
				CLANG_CXX_LIBRARY = "libc++";
				CLANG_ENABLE_MODULES = YES;
				CLANG_ENABLE_OBJC_ARC = YES;
				CLANG_ENABLE_OBJC_WEAK = YES;
				CLANG_WARN_BLOCK_CAPTURE_AUTORELEASING = YES;
				CLANG_WARN_BOOL_CONVERSION = YES;
				CLANG_WARN_COMMA = YES;
				CLANG_WARN_CONSTANT_CONVERSION = YES;
				CLANG_WARN_DEPRECATED_OBJC_IMPLEMENTATIONS = YES;
				CLANG_WARN_DIRECT_OBJC_ISA_USAGE = YES_ERROR;
				CLANG_WARN_DOCUMENTATION_COMMENTS = YES;
				CLANG_WARN_EMPTY_BODY = YES;
				CLANG_WARN_ENUM_CONVERSION = YES;
				CLANG_WARN_INFINITE_RECURSION = YES;
				CLANG_WARN_INT_CONVERSION = YES;
				CLANG_WARN_NON_LITERAL_NULL_CONVERSION = YES;
				CLANG_WARN_OBJC_IMPLICIT_RETAIN_SELF = YES;
				CLANG_WARN_OBJC_LITERAL_CONVERSION = YES;
				CLANG_WARN_OBJC_ROOT_CLASS = YES_ERROR;
				CLANG_WARN_RANGE_LOOP_ANALYSIS = YES;
				CLANG_WARN_STRICT_PROTOTYPES = YES;
				CLANG_WARN_SUSPICIOUS_MOVE = YES;
				CLANG_WARN_UNGUARDED_AVAILABILITY = YES_AGGRESSIVE;
				CLANG_WARN_UNREACHABLE_CODE = YES;
				CLANG_WARN__DUPLICATE_METHOD_MATCH = YES;
				CODE_SIGN_IDENTITY = "iPhone Developer";
				COPY_PHASE_STRIP = NO;
				DEBUG_INFORMATION_FORMAT = dwarf;
				ENABLE_STRICT_OBJC_MSGSEND = YES;
				ENABLE_TESTABILITY = YES;
				GCC_C_LANGUAGE_STANDARD = gnu11;
				GCC_DYNAMIC_NO_PIC = NO;
				GCC_NO_COMMON_BLOCKS = YES;
				GCC_OPTIMIZATION_LEVEL = 0;
				GCC_PREPROCESSOR_DEFINITIONS = (
					"DEBUG=1",
					"$(inherited)",
				);
				GCC_WARN_64_TO_32_BIT_CONVERSION = YES;
				GCC_WARN_ABOUT_RETURN_TYPE = YES_ERROR;
				GCC_WARN_UNDECLARED_SELECTOR = YES;
				GCC_WARN_UNINITIALIZED_AUTOS = YES_AGGRESSIVE;
				GCC_WARN_UNUSED_FUNCTION = YES;
				GCC_WARN_UNUSED_VARIABLE = YES;
				IPHONEOS_DEPLOYMENT_TARGET = 12.1;
				MTL_ENABLE_DEBUG_INFO = INCLUDE_SOURCE;
				MTL_FAST_MATH = YES;
				ONLY_ACTIVE_ARCH = YES;
				SDKROOT = iphoneos;
				SWIFT_ACTIVE_COMPILATION_CONDITIONS = DEBUG;
				SWIFT_OPTIMIZATION_LEVEL = "-Onone";
			};
			name = Debug;
		};
		DC4FD56B2208D11F00D2757D /* Release */ = {
			isa = XCBuildConfiguration;
			buildSettings = {
				ALWAYS_SEARCH_USER_PATHS = NO;
				CLANG_ANALYZER_NONNULL = YES;
				CLANG_ANALYZER_NUMBER_OBJECT_CONVERSION = YES_AGGRESSIVE;
				CLANG_CXX_LANGUAGE_STANDARD = "gnu++14";
				CLANG_CXX_LIBRARY = "libc++";
				CLANG_ENABLE_MODULES = YES;
				CLANG_ENABLE_OBJC_ARC = YES;
				CLANG_ENABLE_OBJC_WEAK = YES;
				CLANG_WARN_BLOCK_CAPTURE_AUTORELEASING = YES;
				CLANG_WARN_BOOL_CONVERSION = YES;
				CLANG_WARN_COMMA = YES;
				CLANG_WARN_CONSTANT_CONVERSION = YES;
				CLANG_WARN_DEPRECATED_OBJC_IMPLEMENTATIONS = YES;
				CLANG_WARN_DIRECT_OBJC_ISA_USAGE = YES_ERROR;
				CLANG_WARN_DOCUMENTATION_COMMENTS = YES;
				CLANG_WARN_EMPTY_BODY = YES;
				CLANG_WARN_ENUM_CONVERSION = YES;
				CLANG_WARN_INFINITE_RECURSION = YES;
				CLANG_WARN_INT_CONVERSION = YES;
				CLANG_WARN_NON_LITERAL_NULL_CONVERSION = YES;
				CLANG_WARN_OBJC_IMPLICIT_RETAIN_SELF = YES;
				CLANG_WARN_OBJC_LITERAL_CONVERSION = YES;
				CLANG_WARN_OBJC_ROOT_CLASS = YES_ERROR;
				CLANG_WARN_RANGE_LOOP_ANALYSIS = YES;
				CLANG_WARN_STRICT_PROTOTYPES = YES;
				CLANG_WARN_SUSPICIOUS_MOVE = YES;
				CLANG_WARN_UNGUARDED_AVAILABILITY = YES_AGGRESSIVE;
				CLANG_WARN_UNREACHABLE_CODE = YES;
				CLANG_WARN__DUPLICATE_METHOD_MATCH = YES;
				CODE_SIGN_IDENTITY = "iPhone Developer";
				COPY_PHASE_STRIP = NO;
				DEBUG_INFORMATION_FORMAT = "dwarf-with-dsym";
				ENABLE_NS_ASSERTIONS = NO;
				ENABLE_STRICT_OBJC_MSGSEND = YES;
				GCC_C_LANGUAGE_STANDARD = gnu11;
				GCC_NO_COMMON_BLOCKS = YES;
				GCC_WARN_64_TO_32_BIT_CONVERSION = YES;
				GCC_WARN_ABOUT_RETURN_TYPE = YES_ERROR;
				GCC_WARN_UNDECLARED_SELECTOR = YES;
				GCC_WARN_UNINITIALIZED_AUTOS = YES_AGGRESSIVE;
				GCC_WARN_UNUSED_FUNCTION = YES;
				GCC_WARN_UNUSED_VARIABLE = YES;
				IPHONEOS_DEPLOYMENT_TARGET = 12.1;
				MTL_ENABLE_DEBUG_INFO = NO;
				MTL_FAST_MATH = YES;
				SDKROOT = iphoneos;
				SWIFT_COMPILATION_MODE = wholemodule;
				SWIFT_OPTIMIZATION_LEVEL = "-O";
				VALIDATE_PRODUCT = YES;
			};
			name = Release;
		};
		DC4FD56D2208D11F00D2757D /* Debug */ = {
			isa = XCBuildConfiguration;
			buildSettings = {
				ASSETCATALOG_COMPILER_APPICON_NAME = AppIcon;
				CODE_SIGN_STYLE = Automatic;
				DEVELOPMENT_TEAM = QETESHRL96;
				INFOPLIST_FILE = BottomSheet/Info.plist;
				LD_RUNPATH_SEARCH_PATHS = (
					"$(inherited)",
					"@executable_path/Frameworks",
				);
				PRODUCT_BUNDLE_IDENTIFIER = com.swu.BottomSheet;
				PRODUCT_NAME = "$(TARGET_NAME)";
				SWIFT_VERSION = 4.2;
				TARGETED_DEVICE_FAMILY = "1,2";
			};
			name = Debug;
		};
		DC4FD56E2208D11F00D2757D /* Release */ = {
			isa = XCBuildConfiguration;
			buildSettings = {
				ASSETCATALOG_COMPILER_APPICON_NAME = AppIcon;
				CODE_SIGN_STYLE = Automatic;
				DEVELOPMENT_TEAM = QETESHRL96;
				INFOPLIST_FILE = BottomSheet/Info.plist;
				LD_RUNPATH_SEARCH_PATHS = (
					"$(inherited)",
					"@executable_path/Frameworks",
				);
				PRODUCT_BUNDLE_IDENTIFIER = com.swu.BottomSheet;
				PRODUCT_NAME = "$(TARGET_NAME)";
				SWIFT_VERSION = 4.2;
				TARGETED_DEVICE_FAMILY = "1,2";
			};
			name = Release;
		};
/* End XCBuildConfiguration section */

/* Begin XCConfigurationList section */
		DC4FD5552208D11C00D2757D /* Build configuration list for PBXProject "BottomSheet" */ = {
			isa = XCConfigurationList;
			buildConfigurations = (
				DC4FD56A2208D11F00D2757D /* Debug */,
				DC4FD56B2208D11F00D2757D /* Release */,
			);
			defaultConfigurationIsVisible = 0;
			defaultConfigurationName = Release;
		};
		DC4FD56C2208D11F00D2757D /* Build configuration list for PBXNativeTarget "BottomSheet" */ = {
			isa = XCConfigurationList;
			buildConfigurations = (
				DC4FD56D2208D11F00D2757D /* Debug */,
				DC4FD56E2208D11F00D2757D /* Release */,
			);
			defaultConfigurationIsVisible = 0;
			defaultConfigurationName = Release;
		};
/* End XCConfigurationList section */
	};
	rootObject = DC4FD5522208D11C00D2757D /* Project object */;
}
